{
  "name": "immich",
  "version": "0.35.0",
  "lockfileVersion": 2,
  "requires": true,
  "packages": {
    "": {
      "name": "immich",
      "version": "0.35.0",
      "license": "MIT",
      "dependencies": {
        "axios": "^0.26.1",
        "chalk": "^2.4.2",
        "cli-progress": "^3.10.0",
        "commander": "^9.0.0",
        "exifreader": "^4.12.0",
        "exiftool-vendored": "^19.0.0",
        "fdir": "^5.2.0",
        "form-data": "^4.0.0",
        "get-video-duration": "4.1.0",
        "mime-types": "^2.1.34",
        "moment": "2.29.4",
        "moment-timezone": "0.5.43",
        "p-limit": "3.1.0",
        "systeminformation": "^5.11.6"
      },
      "bin": {
        "immich": "bin/index.js"
      },
      "devDependencies": {
        "@types/cli-progress": "^3.11.0",
        "@types/mime-types": "^2.1.1",
        "@types/node": "^18.15.2",
        "prettier": "^2.8.6",
        "typescript": "^4.7.4"
      }
    },
    "node_modules/@ffprobe-installer/darwin-arm64": {
      "version": "5.0.1",
      "resolved": "https://registry.npmjs.org/@ffprobe-installer/darwin-arm64/-/darwin-arm64-5.0.1.tgz",
      "integrity": "sha512-vwNCNjokH8hfkbl6m95zICHwkSzhEvDC3GVBcUp5HX8+4wsX10SP3B+bGur7XUzTIZ4cQpgJmEIAx6TUwRepMg==",
      "cpu": [
        "arm64"
      ],
      "hasInstallScript": true,
      "optional": true,
      "os": [
        "darwin"
      ]
    },
    "node_modules/@ffprobe-installer/darwin-x64": {
      "version": "5.0.0",
      "resolved": "https://registry.npmjs.org/@ffprobe-installer/darwin-x64/-/darwin-x64-5.0.0.tgz",
      "integrity": "sha512-Zl0UkZ+wW/eyMKBPLTUCcNQch2VDnZz/cBn1DXv3YtCBVbYd9aYzGj4MImdxgWcoE0+GpbfbO6mKGwMq5HCm6A==",
      "cpu": [
        "x64"
      ],
      "hasInstallScript": true,
      "optional": true,
      "os": [
        "darwin"
      ]
    },
    "node_modules/@ffprobe-installer/ffprobe": {
      "version": "1.4.1",
      "resolved": "https://registry.npmjs.org/@ffprobe-installer/ffprobe/-/ffprobe-1.4.1.tgz",
      "integrity": "sha512-3WJvxU0f4d7IOZdzoVCAj9fYtiQNC6E0521FJFe9iP5Ej8auTXU7TsrUzIAG1CydeQI+BnM3vGog92SCcF9KtA==",
      "optionalDependencies": {
        "@ffprobe-installer/darwin-arm64": "5.0.1",
        "@ffprobe-installer/darwin-x64": "5.0.0",
        "@ffprobe-installer/linux-arm": "5.0.0",
        "@ffprobe-installer/linux-arm64": "5.0.0",
        "@ffprobe-installer/linux-ia32": "5.0.0",
        "@ffprobe-installer/linux-x64": "5.0.0",
        "@ffprobe-installer/win32-ia32": "5.0.0",
        "@ffprobe-installer/win32-x64": "5.0.0"
      }
    },
    "node_modules/@ffprobe-installer/linux-arm": {
      "version": "5.0.0",
      "resolved": "https://registry.npmjs.org/@ffprobe-installer/linux-arm/-/linux-arm-5.0.0.tgz",
      "integrity": "sha512-mM1PPxP2UX5SUvhy0urcj5U8UolwbYgmnXA/eBWbW78k6N2Wk1COvcHYzOPs6c5yXXL6oshS2rZHU1kowigw7g==",
      "cpu": [
        "arm"
      ],
      "hasInstallScript": true,
      "optional": true,
      "os": [
        "linux"
      ]
    },
    "node_modules/@ffprobe-installer/linux-arm64": {
      "version": "5.0.0",
      "resolved": "https://registry.npmjs.org/@ffprobe-installer/linux-arm64/-/linux-arm64-5.0.0.tgz",
      "integrity": "sha512-IwFbzhe1UydR849YXLPP0RMpHgHXSuPO1kznaCHcU5FscFBV5gOZLkdD8e/xrcC8g/nhKqy0xMjn5kv6KkFQlQ==",
      "cpu": [
        "arm64"
      ],
      "hasInstallScript": true,
      "optional": true,
      "os": [
        "linux"
      ]
    },
    "node_modules/@ffprobe-installer/linux-ia32": {
      "version": "5.0.0",
      "resolved": "https://registry.npmjs.org/@ffprobe-installer/linux-ia32/-/linux-ia32-5.0.0.tgz",
      "integrity": "sha512-c3bWlWEDMST59SAZycVh0oyc2eNS/CxxeRjoNryGRgqcZX3EJWJJQL1rAXbpQOMLMi8to1RqnmMuwPJgLLjjUA==",
      "cpu": [
        "ia32"
      ],
      "hasInstallScript": true,
      "optional": true,
      "os": [
        "linux"
      ]
    },
    "node_modules/@ffprobe-installer/linux-x64": {
      "version": "5.0.0",
      "resolved": "https://registry.npmjs.org/@ffprobe-installer/linux-x64/-/linux-x64-5.0.0.tgz",
      "integrity": "sha512-zgLnWJFvMGCaw1txGtz84sMEQt6mQUzdw86ih9S/kZOWnp06Gj/ams/EXxEkAxgAACCVM6/O0mkDe/6biY5tgA==",
      "cpu": [
        "x64"
      ],
      "hasInstallScript": true,
      "optional": true,
      "os": [
        "linux"
      ]
    },
    "node_modules/@ffprobe-installer/win32-ia32": {
      "version": "5.0.0",
      "resolved": "https://registry.npmjs.org/@ffprobe-installer/win32-ia32/-/win32-ia32-5.0.0.tgz",
      "integrity": "sha512-NnDdAZD6ShFXzJeCkAFl2ZjAv7GcJWYudLA+0T/vjZwvskBop+sq1PGfdmVltfFDcdQiomoThRhn9Xiy9ZC71g==",
      "cpu": [
        "ia32"
      ],
      "optional": true,
      "os": [
        "win32"
      ]
    },
    "node_modules/@ffprobe-installer/win32-x64": {
      "version": "5.0.0",
      "resolved": "https://registry.npmjs.org/@ffprobe-installer/win32-x64/-/win32-x64-5.0.0.tgz",
      "integrity": "sha512-P4ZMRFxVMnfMsOyTfBM/+nkTodLeOUfXNPo+X1bKEWBiZxRErqX/IHS5sLA0yAH8XmtKZcL7Cu6M26ztGcQYxw==",
      "cpu": [
        "x64"
      ],
      "optional": true,
      "os": [
        "win32"
      ]
    },
    "node_modules/@photostructure/tz-lookup": {
      "version": "7.0.0",
      "resolved": "https://registry.npmjs.org/@photostructure/tz-lookup/-/tz-lookup-7.0.0.tgz",
      "integrity": "sha512-pTRsZz7Sn4yAtItC7I4+0segDHosMyOtJgAXg+xvDOolT0Xz4IFWqBV33OMCWoaNd3oQb60wbWhLeCQgJCyZAA=="
    },
    "node_modules/@types/cli-progress": {
      "version": "3.11.0",
      "resolved": "https://registry.npmjs.org/@types/cli-progress/-/cli-progress-3.11.0.tgz",
      "integrity": "sha512-XhXhBv1R/q2ahF3BM7qT5HLzJNlIL0wbcGyZVjqOTqAybAnsLisd7gy1UCyIqpL+5Iv6XhlSyzjLCnI2sIdbCg==",
      "dev": true,
      "dependencies": {
        "@types/node": "*"
      }
    },
    "node_modules/@types/luxon": {
      "version": "3.3.0",
      "resolved": "https://registry.npmjs.org/@types/luxon/-/luxon-3.3.0.tgz",
      "integrity": "sha512-uKRI5QORDnrGFYgcdAVnHvEIvEZ8noTpP/Bg+HeUzZghwinDlIS87DEenV5r1YoOF9G4x600YsUXLWZ19rmTmg=="
    },
    "node_modules/@types/mime-types": {
      "version": "2.1.1",
      "resolved": "https://registry.npmjs.org/@types/mime-types/-/mime-types-2.1.1.tgz",
      "integrity": "sha512-vXOTGVSLR2jMw440moWTC7H19iUyLtP3Z1YTj7cSsubOICinjMxFeb/V57v9QdyyPGbbWolUFSSmSiRSn94tFw==",
      "dev": true
    },
    "node_modules/@types/node": {
      "version": "18.15.2",
      "resolved": "https://registry.npmjs.org/@types/node/-/node-18.15.2.tgz",
      "integrity": "sha512-sDPHm2wfx2QhrMDK0pOt2J4KLJMAcerqWNvnED0itPRJWvI+bK+uNHzcH1dFsBlf7G3u8tqXmRF3wkvL9yUwMw==",
      "dev": true
    },
    "node_modules/@xmldom/xmldom": {
      "version": "0.7.10",
      "resolved": "https://registry.npmjs.org/@xmldom/xmldom/-/xmldom-0.7.10.tgz",
      "integrity": "sha512-hb9QhOg5MGmpVkFcoZ9XJMe1em5gd0e2eqqjK87O1dwULedXsnY/Zg/Ju6lcohA+t6jVkmKpe7I1etqhvdRdrQ==",
      "optional": true,
      "engines": {
        "node": ">=10.0.0"
      }
    },
    "node_modules/ansi-regex": {
      "version": "5.0.1",
      "resolved": "https://registry.npmjs.org/ansi-regex/-/ansi-regex-5.0.1.tgz",
      "integrity": "sha512-quJQXlTSUGL2LH9SUXo8VwsY4soanhgo6LNSm84E1LBcE8s3O0wpdiRzyR9z/ZZJMlMWv37qOOb9pdJlMUEKFQ==",
      "engines": {
        "node": ">=8"
      }
    },
    "node_modules/ansi-styles": {
      "version": "3.2.1",
      "resolved": "https://registry.npmjs.org/ansi-styles/-/ansi-styles-3.2.1.tgz",
      "integrity": "sha512-VT0ZI6kZRdTh8YyJw3SMbYm/u+NqfsAxEpWO0Pf9sq8/e94WxxOpPKx9FR1FlyCtOVDNOQ+8ntlqFxiRc+r5qA==",
      "dependencies": {
        "color-convert": "^1.9.0"
      },
      "engines": {
        "node": ">=4"
      }
    },
    "node_modules/asynckit": {
      "version": "0.4.0",
      "resolved": "https://registry.npmjs.org/asynckit/-/asynckit-0.4.0.tgz",
      "integrity": "sha1-x57Zf380y48robyXkLzDZkdLS3k="
    },
    "node_modules/axios": {
      "version": "0.26.1",
      "resolved": "https://registry.npmjs.org/axios/-/axios-0.26.1.tgz",
      "integrity": "sha512-fPwcX4EvnSHuInCMItEhAGnaSEXRBjtzh9fOtsE6E1G6p7vl7edEeZe11QHf18+6+9gR5PbKV/sGKNaD8YaMeA==",
      "dependencies": {
        "follow-redirects": "^1.14.8"
      }
    },
    "node_modules/batch-cluster": {
      "version": "11.0.0",
      "resolved": "https://registry.npmjs.org/batch-cluster/-/batch-cluster-11.0.0.tgz",
      "integrity": "sha512-8iwqa+rKTaakOHkqdcXDT5L5117pa+FoP8/yAKpNdL44ZnC4V2NEA/sIg0ZO0O9NkpdjLk0A3efRFM5nVizqHw==",
      "engines": {
        "node": ">=14"
      }
    },
    "node_modules/chalk": {
      "version": "2.4.2",
      "resolved": "https://registry.npmjs.org/chalk/-/chalk-2.4.2.tgz",
      "integrity": "sha512-Mti+f9lpJNcwF4tWV8/OrTTtF1gZi+f8FqlyAdouralcFWFQWF2+NgCHShjkCb+IFBLq9buZwE1xckQU4peSuQ==",
      "dependencies": {
        "ansi-styles": "^3.2.1",
        "escape-string-regexp": "^1.0.5",
        "supports-color": "^5.3.0"
      },
      "engines": {
        "node": ">=4"
      }
    },
    "node_modules/cli-progress": {
      "version": "3.10.0",
      "resolved": "https://registry.npmjs.org/cli-progress/-/cli-progress-3.10.0.tgz",
      "integrity": "sha512-kLORQrhYCAtUPLZxqsAt2YJGOvRdt34+O6jl5cQGb7iF3dM55FQZlTR+rQyIK9JUcO9bBMwZsTlND+3dmFU2Cw==",
      "dependencies": {
        "string-width": "^4.2.0"
      },
      "engines": {
        "node": ">=4"
      }
    },
    "node_modules/color-convert": {
      "version": "1.9.3",
      "resolved": "https://registry.npmjs.org/color-convert/-/color-convert-1.9.3.tgz",
      "integrity": "sha512-QfAUtd+vFdAtFQcC8CCyYt1fYWxSqAiK2cSD6zDB8N3cpsEBAvRxp9zOGg6G/SHHJYAT88/az/IuDGALsNVbGg==",
      "dependencies": {
        "color-name": "1.1.3"
      }
    },
    "node_modules/color-name": {
      "version": "1.1.3",
      "resolved": "https://registry.npmjs.org/color-name/-/color-name-1.1.3.tgz",
      "integrity": "sha1-p9BVi9icQveV3UIyj3QIMcpTvCU="
    },
    "node_modules/combined-stream": {
      "version": "1.0.8",
      "resolved": "https://registry.npmjs.org/combined-stream/-/combined-stream-1.0.8.tgz",
      "integrity": "sha512-FQN4MRfuJeHf7cBbBMJFXhKSDq+2kAArBlmRBvcvFE5BB1HZKXtSFASDhdlz9zOYwxh8lDdnvmMOe/+5cdoEdg==",
      "dependencies": {
        "delayed-stream": "~1.0.0"
      },
      "engines": {
        "node": ">= 0.8"
      }
    },
    "node_modules/commander": {
      "version": "9.0.0",
      "resolved": "https://registry.npmjs.org/commander/-/commander-9.0.0.tgz",
      "integrity": "sha512-JJfP2saEKbQqvW+FI93OYUB4ByV5cizMpFMiiJI8xDbBvQvSkIk0VvQdn1CZ8mqAO8Loq2h0gYTYtDFUZUeERw==",
      "engines": {
        "node": "^12.20.0 || >=14"
      }
    },
    "node_modules/cross-spawn": {
      "version": "7.0.3",
      "resolved": "https://registry.npmjs.org/cross-spawn/-/cross-spawn-7.0.3.tgz",
      "integrity": "sha512-iRDPJKUPVEND7dHPO8rkbOnPpyDygcDFtWjpeWNCgy8WP2rXcxXL8TskReQl6OrB2G7+UJrags1q15Fudc7G6w==",
      "dependencies": {
        "path-key": "^3.1.0",
        "shebang-command": "^2.0.0",
        "which": "^2.0.1"
      },
      "engines": {
        "node": ">= 8"
      }
    },
    "node_modules/delayed-stream": {
      "version": "1.0.0",
      "resolved": "https://registry.npmjs.org/delayed-stream/-/delayed-stream-1.0.0.tgz",
      "integrity": "sha1-3zrhmayt+31ECqrgsp4icrJOxhk=",
      "engines": {
        "node": ">=0.4.0"
      }
    },
    "node_modules/emoji-regex": {
      "version": "8.0.0",
      "resolved": "https://registry.npmjs.org/emoji-regex/-/emoji-regex-8.0.0.tgz",
      "integrity": "sha512-MSjYzcWNOA0ewAHpz0MxpYFvwg6yjy1NG3xteoqz644VCo/RPgnr1/GGt+ic3iJTzQ8Eu3TdM14SawnVUmGE6A=="
    },
    "node_modules/escape-string-regexp": {
      "version": "1.0.5",
      "resolved": "https://registry.npmjs.org/escape-string-regexp/-/escape-string-regexp-1.0.5.tgz",
      "integrity": "sha1-G2HAViGQqN/2rjuyzwIAyhMLhtQ=",
      "engines": {
        "node": ">=0.8.0"
      }
    },
    "node_modules/execa": {
      "version": "5.1.1",
      "resolved": "https://registry.npmjs.org/execa/-/execa-5.1.1.tgz",
      "integrity": "sha512-8uSpZZocAZRBAPIEINJj3Lo9HyGitllczc27Eh5YYojjMFMn8yHMDMaUHE2Jqfq05D/wucwI4JGURyXt1vchyg==",
      "dependencies": {
        "cross-spawn": "^7.0.3",
        "get-stream": "^6.0.0",
        "human-signals": "^2.1.0",
        "is-stream": "^2.0.0",
        "merge-stream": "^2.0.0",
        "npm-run-path": "^4.0.1",
        "onetime": "^5.1.2",
        "signal-exit": "^3.0.3",
        "strip-final-newline": "^2.0.0"
      },
      "engines": {
        "node": ">=10"
      },
      "funding": {
        "url": "https://github.com/sindresorhus/execa?sponsor=1"
      }
    },
    "node_modules/exifreader": {
      "version": "4.12.0",
      "resolved": "https://registry.npmjs.org/exifreader/-/exifreader-4.12.0.tgz",
      "integrity": "sha512-aRSmNyw2c6f6qPK4jmC56W/5XePDN7LVwt8tQjgMchxoY3MCxqEToegirKdS7A3CYCWAOPehfypMZWGWxtLhzw==",
      "hasInstallScript": true,
      "optionalDependencies": {
        "@xmldom/xmldom": "^0.7.8"
      }
    },
    "node_modules/exiftool-vendored": {
      "version": "19.0.0",
      "resolved": "https://registry.npmjs.org/exiftool-vendored/-/exiftool-vendored-19.0.0.tgz",
      "integrity": "sha512-Zes7TZrYWxts92mbF2Gs3drtWZucm4qsaeYaE6A+OOqmeD9UGaGisqIbyh9MilJrLi+ZHzWEJZtDj37QFf6xsA==",
      "dependencies": {
        "@photostructure/tz-lookup": "^7.0.0",
        "@types/luxon": "^3.2.0",
        "batch-cluster": "^11.0.0",
        "he": "^1.2.0",
        "luxon": "^3.2.1"
      },
      "optionalDependencies": {
        "exiftool-vendored.exe": "12.54.0",
        "exiftool-vendored.pl": "12.54.0"
      }
    },
    "node_modules/exiftool-vendored.exe": {
      "version": "12.54.0",
      "resolved": "https://registry.npmjs.org/exiftool-vendored.exe/-/exiftool-vendored.exe-12.54.0.tgz",
      "integrity": "sha512-Dc4W6e0NtQfYuJIYK4piHfDJnd2jvA04e0aaq9R3Q1oO34KC5e+L1D2C7lFuZXqPQLYC1x3GYc/GVv5e+SkkrQ==",
      "optional": true,
      "os": [
        "win32"
      ]
    },
    "node_modules/exiftool-vendored.pl": {
      "version": "12.54.0",
      "resolved": "https://registry.npmjs.org/exiftool-vendored.pl/-/exiftool-vendored.pl-12.54.0.tgz",
      "integrity": "sha512-RBBowsYcM6EvbWoBkg2dOqHpH3WIzN7bIzHc+o+LquqCTo3doZwECClD/6PNHVSMQsl2Z0fEf75sNq2msooMSg==",
      "optional": true,
      "os": [
        "!win32"
      ]
    },
    "node_modules/fdir": {
      "version": "5.2.0",
      "resolved": "https://registry.npmjs.org/fdir/-/fdir-5.2.0.tgz",
      "integrity": "sha512-skyI2Laxtj9GYzmktPgY6DT8uswXq+VoxH26SskykvEhTSbi7tRM/787uZt/p8maxrQCJdzC90zX1btbxiJ6lw=="
    },
    "node_modules/follow-redirects": {
      "version": "1.14.9",
      "resolved": "https://registry.npmjs.org/follow-redirects/-/follow-redirects-1.14.9.tgz",
      "integrity": "sha512-MQDfihBQYMcyy5dhRDJUHcw7lb2Pv/TuE6xP1vyraLukNDHKbDxDNaOE3NbCAdKQApno+GPRyo1YAp89yCjK4w==",
      "funding": [
        {
          "type": "individual",
          "url": "https://github.com/sponsors/RubenVerborgh"
        }
      ],
      "engines": {
        "node": ">=4.0"
      },
      "peerDependenciesMeta": {
        "debug": {
          "optional": true
        }
      }
    },
    "node_modules/form-data": {
      "version": "4.0.0",
      "resolved": "https://registry.npmjs.org/form-data/-/form-data-4.0.0.tgz",
      "integrity": "sha512-ETEklSGi5t0QMZuiXoA/Q6vcnxcLQP5vdugSpuAyi6SVGi2clPPp+xgEhuMaHC+zGgn31Kd235W35f7Hykkaww==",
      "dependencies": {
        "asynckit": "^0.4.0",
        "combined-stream": "^1.0.8",
        "mime-types": "^2.1.12"
      },
      "engines": {
        "node": ">= 6"
      }
    },
    "node_modules/get-stream": {
      "version": "6.0.1",
      "resolved": "https://registry.npmjs.org/get-stream/-/get-stream-6.0.1.tgz",
      "integrity": "sha512-ts6Wi+2j3jQjqi70w5AlN8DFnkSwC+MqmxEzdEALB2qXZYV3X/b1CTfgPLGJNMeAWxdPfU8FO1ms3NUfaHCPYg==",
      "engines": {
        "node": ">=10"
      },
      "funding": {
        "url": "https://github.com/sponsors/sindresorhus"
      }
    },
    "node_modules/get-video-duration": {
      "version": "4.1.0",
      "resolved": "https://registry.npmjs.org/get-video-duration/-/get-video-duration-4.1.0.tgz",
      "integrity": "sha512-kDmnD/C/WFHmZx7eV2duUNCwAH6w9YwpigiUHmq7cRNmxuTvcJ/otvcxa4A5GDus2iSZ+CZEA5e0va/r5ZWumw==",
      "dependencies": {
        "@ffprobe-installer/ffprobe": "^1.4.1",
        "execa": "^5.0.0",
        "is-stream": "^2.0.0"
      }
    },
    "node_modules/has-flag": {
      "version": "3.0.0",
      "resolved": "https://registry.npmjs.org/has-flag/-/has-flag-3.0.0.tgz",
      "integrity": "sha1-tdRU3CGZriJWmfNGfloH87lVuv0=",
      "engines": {
        "node": ">=4"
      }
    },
    "node_modules/he": {
      "version": "1.2.0",
      "resolved": "https://registry.npmjs.org/he/-/he-1.2.0.tgz",
      "integrity": "sha512-F/1DnUGPopORZi0ni+CvrCgHQ5FyEAHRLSApuYWMmrbSwoN2Mn/7k+Gl38gJnR7yyDZk6WLXwiGod1JOWNDKGw==",
      "bin": {
        "he": "bin/he"
      }
    },
    "node_modules/human-signals": {
      "version": "2.1.0",
      "resolved": "https://registry.npmjs.org/human-signals/-/human-signals-2.1.0.tgz",
      "integrity": "sha512-B4FFZ6q/T2jhhksgkbEW3HBvWIfDW85snkQgawt07S7J5QXTk6BkNV+0yAeZrM5QpMAdYlocGoljn0sJ/WQkFw==",
      "engines": {
        "node": ">=10.17.0"
      }
    },
    "node_modules/is-fullwidth-code-point": {
      "version": "3.0.0",
      "resolved": "https://registry.npmjs.org/is-fullwidth-code-point/-/is-fullwidth-code-point-3.0.0.tgz",
      "integrity": "sha512-zymm5+u+sCsSWyD9qNaejV3DFvhCKclKdizYaJUuHA83RLjb7nSuGnddCHGv0hk+KY7BMAlsWeK4Ueg6EV6XQg==",
      "engines": {
        "node": ">=8"
      }
    },
    "node_modules/is-stream": {
      "version": "2.0.1",
      "resolved": "https://registry.npmjs.org/is-stream/-/is-stream-2.0.1.tgz",
      "integrity": "sha512-hFoiJiTl63nn+kstHGBtewWSKnQLpyb155KHheA1l39uvtO9nWIop1p3udqPcUd/xbF1VLMO4n7OI6p7RbngDg==",
      "engines": {
        "node": ">=8"
      },
      "funding": {
        "url": "https://github.com/sponsors/sindresorhus"
      }
    },
    "node_modules/isexe": {
      "version": "2.0.0",
      "resolved": "https://registry.npmjs.org/isexe/-/isexe-2.0.0.tgz",
      "integrity": "sha512-RHxMLp9lnKHGHRng9QFhRCMbYAcVpn69smSGcq3f36xjgVVWThj4qqLbTLlq7Ssj8B+fIQ1EuCEGI2lKsyQeIw=="
    },
    "node_modules/luxon": {
      "version": "3.3.0",
      "resolved": "https://registry.npmjs.org/luxon/-/luxon-3.3.0.tgz",
      "integrity": "sha512-An0UCfG/rSiqtAIiBPO0Y9/zAnHUZxAMiCpTd5h2smgsj7GGmcenvrvww2cqNA8/4A5ZrD1gJpHN2mIHZQF+Mg==",
      "engines": {
        "node": ">=12"
      }
    },
    "node_modules/merge-stream": {
      "version": "2.0.0",
      "resolved": "https://registry.npmjs.org/merge-stream/-/merge-stream-2.0.0.tgz",
      "integrity": "sha512-abv/qOcuPfk3URPfDzmZU1LKmuw8kT+0nIHvKrKgFrwifol/doWcdA4ZqsWQ8ENrFKkd67Mfpo/LovbIUsbt3w=="
    },
    "node_modules/mime-db": {
      "version": "1.51.0",
      "resolved": "https://registry.npmjs.org/mime-db/-/mime-db-1.51.0.tgz",
      "integrity": "sha512-5y8A56jg7XVQx2mbv1lu49NR4dokRnhZYTtL+KGfaa27uq4pSTXkwQkFJl4pkRMyNFz/EtYDSkiiEHx3F7UN6g==",
      "engines": {
        "node": ">= 0.6"
      }
    },
    "node_modules/mime-types": {
      "version": "2.1.34",
      "resolved": "https://registry.npmjs.org/mime-types/-/mime-types-2.1.34.tgz",
      "integrity": "sha512-6cP692WwGIs9XXdOO4++N+7qjqv0rqxxVvJ3VHPh/Sc9mVZcQP+ZGhkKiTvWMQRr2tbHkJP/Yn7Y0npb3ZBs4A==",
      "dependencies": {
        "mime-db": "1.51.0"
      },
      "engines": {
        "node": ">= 0.6"
      }
    },
    "node_modules/mimic-fn": {
      "version": "2.1.0",
      "resolved": "https://registry.npmjs.org/mimic-fn/-/mimic-fn-2.1.0.tgz",
      "integrity": "sha512-OqbOk5oEQeAZ8WXWydlu9HJjz9WVdEIvamMCcXmuqUYjTknH/sqsWvhQ3vgwKFRR1HpjvNBKQ37nbJgYzGqGcg==",
      "engines": {
        "node": ">=6"
      }
    },
    "node_modules/moment": {
      "version": "2.29.4",
      "resolved": "https://registry.npmjs.org/moment/-/moment-2.29.4.tgz",
      "integrity": "sha512-5LC9SOxjSc2HF6vO2CyuTDNivEdoz2IvyJJGj6X8DJ0eFyfszE0QiEd+iXmBvUP3WHxSjFH/vIsA0EN00cgr8w==",
      "engines": {
        "node": "*"
      }
    },
    "node_modules/moment-timezone": {
      "version": "0.5.43",
      "resolved": "https://registry.npmjs.org/moment-timezone/-/moment-timezone-0.5.43.tgz",
      "integrity": "sha512-72j3aNyuIsDxdF1i7CEgV2FfxM1r6aaqJyLB2vwb33mXYyoyLly+F1zbWqhA3/bVIoJ4szlUoMbUnVdid32NUQ==",
      "dependencies": {
        "moment": "^2.29.4"
      },
      "engines": {
        "node": "*"
      }
    },
    "node_modules/npm-run-path": {
      "version": "4.0.1",
      "resolved": "https://registry.npmjs.org/npm-run-path/-/npm-run-path-4.0.1.tgz",
      "integrity": "sha512-S48WzZW777zhNIrn7gxOlISNAqi9ZC/uQFnRdbeIHhZhCA6UqpkOT8T1G7BvfdgP4Er8gF4sUbaS0i7QvIfCWw==",
      "dependencies": {
        "path-key": "^3.0.0"
      },
      "engines": {
        "node": ">=8"
      }
    },
    "node_modules/onetime": {
      "version": "5.1.2",
      "resolved": "https://registry.npmjs.org/onetime/-/onetime-5.1.2.tgz",
      "integrity": "sha512-kbpaSSGJTWdAY5KPVeMOKXSrPtr8C8C7wodJbcsd51jRnmD+GZu8Y0VoU6Dm5Z4vWr0Ig/1NKuWRKf7j5aaYSg==",
      "dependencies": {
        "mimic-fn": "^2.1.0"
      },
      "engines": {
        "node": ">=6"
      },
      "funding": {
        "url": "https://github.com/sponsors/sindresorhus"
      }
    },
    "node_modules/p-limit": {
      "version": "3.1.0",
      "resolved": "https://registry.npmjs.org/p-limit/-/p-limit-3.1.0.tgz",
      "integrity": "sha512-TYOanM3wGwNGsZN2cVTYPArw454xnXj5qmWF1bEoAc4+cU/ol7GVh7odevjp1FNHduHc3KZMcFduxU5Xc6uJRQ==",
      "dependencies": {
        "yocto-queue": "^0.1.0"
      },
      "engines": {
        "node": ">=10"
      },
      "funding": {
        "url": "https://github.com/sponsors/sindresorhus"
      }
    },
    "node_modules/path-key": {
      "version": "3.1.1",
      "resolved": "https://registry.npmjs.org/path-key/-/path-key-3.1.1.tgz",
      "integrity": "sha512-ojmeN0qd+y0jszEtoY48r0Peq5dwMEkIlCOu6Q5f41lfkswXuKtYrhgoTpLnyIcHm24Uhqx+5Tqm2InSwLhE6Q==",
      "engines": {
        "node": ">=8"
      }
    },
    "node_modules/prettier": {
      "version": "2.8.6",
      "resolved": "https://registry.npmjs.org/prettier/-/prettier-2.8.6.tgz",
      "integrity": "sha512-mtuzdiBbHwPEgl7NxWlqOkithPyp4VN93V7VeHVWBF+ad3I5avc0RVDT4oImXQy9H/AqxA2NSQH8pSxHW6FYbQ==",
      "dev": true,
      "bin": {
        "prettier": "bin-prettier.js"
      },
      "engines": {
        "node": ">=10.13.0"
      },
      "funding": {
        "url": "https://github.com/prettier/prettier?sponsor=1"
      }
    },
    "node_modules/shebang-command": {
      "version": "2.0.0",
      "resolved": "https://registry.npmjs.org/shebang-command/-/shebang-command-2.0.0.tgz",
      "integrity": "sha512-kHxr2zZpYtdmrN1qDjrrX/Z1rR1kG8Dx+gkpK1G4eXmvXswmcE1hTWBWYUzlraYw1/yZp6YuDY77YtvbN0dmDA==",
      "dependencies": {
        "shebang-regex": "^3.0.0"
      },
      "engines": {
        "node": ">=8"
      }
    },
    "node_modules/shebang-regex": {
      "version": "3.0.0",
      "resolved": "https://registry.npmjs.org/shebang-regex/-/shebang-regex-3.0.0.tgz",
      "integrity": "sha512-7++dFhtcx3353uBaq8DDR4NuxBetBzC7ZQOhmTQInHEd6bSrXdiEyzCvG07Z44UYdLShWUyXt5M/yhz8ekcb1A==",
      "engines": {
        "node": ">=8"
      }
    },
    "node_modules/signal-exit": {
      "version": "3.0.7",
      "resolved": "https://registry.npmjs.org/signal-exit/-/signal-exit-3.0.7.tgz",
      "integrity": "sha512-wnD2ZE+l+SPC/uoS0vXeE9L1+0wuaMqKlfz9AMUo38JsyLSBWSFcHR1Rri62LZc12vLr1gb3jl7iwQhgwpAbGQ=="
    },
    "node_modules/string-width": {
      "version": "4.2.3",
      "resolved": "https://registry.npmjs.org/string-width/-/string-width-4.2.3.tgz",
      "integrity": "sha512-wKyQRQpjJ0sIp62ErSZdGsjMJWsap5oRNihHhu6G7JVO/9jIB6UyevL+tXuOqrng8j/cxKTWyWUwvSTriiZz/g==",
      "dependencies": {
        "emoji-regex": "^8.0.0",
        "is-fullwidth-code-point": "^3.0.0",
        "strip-ansi": "^6.0.1"
      },
      "engines": {
        "node": ">=8"
      }
    },
    "node_modules/strip-ansi": {
      "version": "6.0.1",
      "resolved": "https://registry.npmjs.org/strip-ansi/-/strip-ansi-6.0.1.tgz",
      "integrity": "sha512-Y38VPSHcqkFrCpFnQ9vuSXmquuv5oXOKpGeT6aGrr3o3Gc9AlVa6JBfUSOCnbxGGZF+/0ooI7KrPuUSztUdU5A==",
      "dependencies": {
        "ansi-regex": "^5.0.1"
      },
      "engines": {
        "node": ">=8"
      }
    },
    "node_modules/strip-final-newline": {
      "version": "2.0.0",
      "resolved": "https://registry.npmjs.org/strip-final-newline/-/strip-final-newline-2.0.0.tgz",
      "integrity": "sha512-BrpvfNAE3dcvq7ll3xVumzjKjZQ5tI1sEUIKr3Uoks0XUl45St3FlatVqef9prk4jRDzhW6WZg+3bk93y6pLjA==",
      "engines": {
        "node": ">=6"
      }
    },
    "node_modules/supports-color": {
      "version": "5.5.0",
      "resolved": "https://registry.npmjs.org/supports-color/-/supports-color-5.5.0.tgz",
      "integrity": "sha512-QjVjwdXIt408MIiAqCX4oUKsgU2EqAGzs2Ppkm4aQYbjm+ZEWEcW4SfFNTr4uMNZma0ey4f5lgLrkB0aX0QMow==",
      "dependencies": {
        "has-flag": "^3.0.0"
      },
      "engines": {
        "node": ">=4"
      }
    },
    "node_modules/systeminformation": {
      "version": "5.11.6",
      "resolved": "https://registry.npmjs.org/systeminformation/-/systeminformation-5.11.6.tgz",
      "integrity": "sha512-7KBXgdnIDxABQ93w+GrPSrK/pup73+fM09VGka4A/+FhgzdlRY0JNGGDFmV8BHnFuzP9zwlI3n64yDbp7emasQ==",
      "os": [
        "darwin",
        "linux",
        "win32",
        "freebsd",
        "openbsd",
        "netbsd",
        "sunos",
        "android"
      ],
      "bin": {
        "systeminformation": "lib/cli.js"
      },
      "engines": {
        "node": ">=8.0.0"
      },
      "funding": {
        "type": "Buy me a coffee",
        "url": "https://www.buymeacoffee.com/systeminfo"
      }
    },
    "node_modules/typescript": {
      "version": "4.7.4",
      "resolved": "https://registry.npmjs.org/typescript/-/typescript-4.7.4.tgz",
      "integrity": "sha512-C0WQT0gezHuw6AdY1M2jxUO83Rjf0HP7Sk1DtXj6j1EwkQNZrHAg2XPWlq62oqEhYvONq5pkC2Y9oPljWToLmQ==",
      "dev": true,
      "bin": {
        "tsc": "bin/tsc",
        "tsserver": "bin/tsserver"
      },
      "engines": {
        "node": ">=4.2.0"
      }
    },
    "node_modules/which": {
      "version": "2.0.2",
      "resolved": "https://registry.npmjs.org/which/-/which-2.0.2.tgz",
      "integrity": "sha512-BLI3Tl1TW3Pvl70l3yq3Y64i+awpwXqsGBYWkkqMtnbXgrMD+yj7rhW0kuEDxzJaYXGjEW5ogapKNMEKNMjibA==",
      "dependencies": {
        "isexe": "^2.0.0"
      },
      "bin": {
        "node-which": "bin/node-which"
      },
      "engines": {
        "node": ">= 8"
      }
    },
    "node_modules/yocto-queue": {
      "version": "0.1.0",
      "resolved": "https://registry.npmjs.org/yocto-queue/-/yocto-queue-0.1.0.tgz",
      "integrity": "sha512-rVksvsnNCdJ/ohGc6xgPwyN8eheCxsiLM8mxuE/t/mOVqJewPuO1miLpTHQiRgTKCLexL4MeAFVagts7HmNZ2Q==",
      "engines": {
        "node": ">=10"
      },
      "funding": {
        "url": "https://github.com/sponsors/sindresorhus"
      }
    }
  },
  "dependencies": {
    "@ffprobe-installer/darwin-arm64": {
      "version": "5.0.1",
      "resolved": "https://registry.npmjs.org/@ffprobe-installer/darwin-arm64/-/darwin-arm64-5.0.1.tgz",
      "integrity": "sha512-vwNCNjokH8hfkbl6m95zICHwkSzhEvDC3GVBcUp5HX8+4wsX10SP3B+bGur7XUzTIZ4cQpgJmEIAx6TUwRepMg==",
      "optional": true
    },
    "@ffprobe-installer/darwin-x64": {
      "version": "5.0.0",
      "resolved": "https://registry.npmjs.org/@ffprobe-installer/darwin-x64/-/darwin-x64-5.0.0.tgz",
      "integrity": "sha512-Zl0UkZ+wW/eyMKBPLTUCcNQch2VDnZz/cBn1DXv3YtCBVbYd9aYzGj4MImdxgWcoE0+GpbfbO6mKGwMq5HCm6A==",
      "optional": true
    },
    "@ffprobe-installer/ffprobe": {
      "version": "1.4.1",
      "resolved": "https://registry.npmjs.org/@ffprobe-installer/ffprobe/-/ffprobe-1.4.1.tgz",
      "integrity": "sha512-3WJvxU0f4d7IOZdzoVCAj9fYtiQNC6E0521FJFe9iP5Ej8auTXU7TsrUzIAG1CydeQI+BnM3vGog92SCcF9KtA==",
      "requires": {
        "@ffprobe-installer/darwin-arm64": "5.0.1",
        "@ffprobe-installer/darwin-x64": "5.0.0",
        "@ffprobe-installer/linux-arm": "5.0.0",
        "@ffprobe-installer/linux-arm64": "5.0.0",
        "@ffprobe-installer/linux-ia32": "5.0.0",
        "@ffprobe-installer/linux-x64": "5.0.0",
        "@ffprobe-installer/win32-ia32": "5.0.0",
        "@ffprobe-installer/win32-x64": "5.0.0"
      }
    },
    "@ffprobe-installer/linux-arm": {
      "version": "5.0.0",
      "resolved": "https://registry.npmjs.org/@ffprobe-installer/linux-arm/-/linux-arm-5.0.0.tgz",
      "integrity": "sha512-mM1PPxP2UX5SUvhy0urcj5U8UolwbYgmnXA/eBWbW78k6N2Wk1COvcHYzOPs6c5yXXL6oshS2rZHU1kowigw7g==",
      "optional": true
    },
    "@ffprobe-installer/linux-arm64": {
      "version": "5.0.0",
      "resolved": "https://registry.npmjs.org/@ffprobe-installer/linux-arm64/-/linux-arm64-5.0.0.tgz",
      "integrity": "sha512-IwFbzhe1UydR849YXLPP0RMpHgHXSuPO1kznaCHcU5FscFBV5gOZLkdD8e/xrcC8g/nhKqy0xMjn5kv6KkFQlQ==",
      "optional": true
    },
    "@ffprobe-installer/linux-ia32": {
      "version": "5.0.0",
      "resolved": "https://registry.npmjs.org/@ffprobe-installer/linux-ia32/-/linux-ia32-5.0.0.tgz",
      "integrity": "sha512-c3bWlWEDMST59SAZycVh0oyc2eNS/CxxeRjoNryGRgqcZX3EJWJJQL1rAXbpQOMLMi8to1RqnmMuwPJgLLjjUA==",
      "optional": true
    },
    "@ffprobe-installer/linux-x64": {
      "version": "5.0.0",
      "resolved": "https://registry.npmjs.org/@ffprobe-installer/linux-x64/-/linux-x64-5.0.0.tgz",
      "integrity": "sha512-zgLnWJFvMGCaw1txGtz84sMEQt6mQUzdw86ih9S/kZOWnp06Gj/ams/EXxEkAxgAACCVM6/O0mkDe/6biY5tgA==",
      "optional": true
    },
    "@ffprobe-installer/win32-ia32": {
      "version": "5.0.0",
      "resolved": "https://registry.npmjs.org/@ffprobe-installer/win32-ia32/-/win32-ia32-5.0.0.tgz",
      "integrity": "sha512-NnDdAZD6ShFXzJeCkAFl2ZjAv7GcJWYudLA+0T/vjZwvskBop+sq1PGfdmVltfFDcdQiomoThRhn9Xiy9ZC71g==",
      "optional": true
    },
    "@ffprobe-installer/win32-x64": {
      "version": "5.0.0",
      "resolved": "https://registry.npmjs.org/@ffprobe-installer/win32-x64/-/win32-x64-5.0.0.tgz",
      "integrity": "sha512-P4ZMRFxVMnfMsOyTfBM/+nkTodLeOUfXNPo+X1bKEWBiZxRErqX/IHS5sLA0yAH8XmtKZcL7Cu6M26ztGcQYxw==",
      "optional": true
    },
    "@photostructure/tz-lookup": {
      "version": "7.0.0",
      "resolved": "https://registry.npmjs.org/@photostructure/tz-lookup/-/tz-lookup-7.0.0.tgz",
      "integrity": "sha512-pTRsZz7Sn4yAtItC7I4+0segDHosMyOtJgAXg+xvDOolT0Xz4IFWqBV33OMCWoaNd3oQb60wbWhLeCQgJCyZAA=="
    },
    "@types/cli-progress": {
      "version": "3.11.0",
      "resolved": "https://registry.npmjs.org/@types/cli-progress/-/cli-progress-3.11.0.tgz",
      "integrity": "sha512-XhXhBv1R/q2ahF3BM7qT5HLzJNlIL0wbcGyZVjqOTqAybAnsLisd7gy1UCyIqpL+5Iv6XhlSyzjLCnI2sIdbCg==",
      "dev": true,
      "requires": {
        "@types/node": "*"
      }
    },
    "@types/luxon": {
      "version": "3.3.0",
      "resolved": "https://registry.npmjs.org/@types/luxon/-/luxon-3.3.0.tgz",
      "integrity": "sha512-uKRI5QORDnrGFYgcdAVnHvEIvEZ8noTpP/Bg+HeUzZghwinDlIS87DEenV5r1YoOF9G4x600YsUXLWZ19rmTmg=="
    },
    "@types/mime-types": {
      "version": "2.1.1",
      "resolved": "https://registry.npmjs.org/@types/mime-types/-/mime-types-2.1.1.tgz",
      "integrity": "sha512-vXOTGVSLR2jMw440moWTC7H19iUyLtP3Z1YTj7cSsubOICinjMxFeb/V57v9QdyyPGbbWolUFSSmSiRSn94tFw==",
      "dev": true
    },
    "@types/node": {
      "version": "18.15.2",
      "resolved": "https://registry.npmjs.org/@types/node/-/node-18.15.2.tgz",
      "integrity": "sha512-sDPHm2wfx2QhrMDK0pOt2J4KLJMAcerqWNvnED0itPRJWvI+bK+uNHzcH1dFsBlf7G3u8tqXmRF3wkvL9yUwMw==",
      "dev": true
    },
    "@xmldom/xmldom": {
      "version": "0.7.10",
      "resolved": "https://registry.npmjs.org/@xmldom/xmldom/-/xmldom-0.7.10.tgz",
      "integrity": "sha512-hb9QhOg5MGmpVkFcoZ9XJMe1em5gd0e2eqqjK87O1dwULedXsnY/Zg/Ju6lcohA+t6jVkmKpe7I1etqhvdRdrQ==",
      "optional": true
    },
    "ansi-regex": {
      "version": "5.0.1",
      "resolved": "https://registry.npmjs.org/ansi-regex/-/ansi-regex-5.0.1.tgz",
      "integrity": "sha512-quJQXlTSUGL2LH9SUXo8VwsY4soanhgo6LNSm84E1LBcE8s3O0wpdiRzyR9z/ZZJMlMWv37qOOb9pdJlMUEKFQ=="
    },
    "ansi-styles": {
      "version": "3.2.1",
      "resolved": "https://registry.npmjs.org/ansi-styles/-/ansi-styles-3.2.1.tgz",
      "integrity": "sha512-VT0ZI6kZRdTh8YyJw3SMbYm/u+NqfsAxEpWO0Pf9sq8/e94WxxOpPKx9FR1FlyCtOVDNOQ+8ntlqFxiRc+r5qA==",
      "requires": {
        "color-convert": "^1.9.0"
      }
    },
    "asynckit": {
      "version": "0.4.0",
      "resolved": "https://registry.npmjs.org/asynckit/-/asynckit-0.4.0.tgz",
      "integrity": "sha1-x57Zf380y48robyXkLzDZkdLS3k="
    },
    "axios": {
      "version": "0.26.1",
      "resolved": "https://registry.npmjs.org/axios/-/axios-0.26.1.tgz",
      "integrity": "sha512-fPwcX4EvnSHuInCMItEhAGnaSEXRBjtzh9fOtsE6E1G6p7vl7edEeZe11QHf18+6+9gR5PbKV/sGKNaD8YaMeA==",
      "requires": {
        "follow-redirects": "^1.14.8"
      }
    },
    "batch-cluster": {
      "version": "11.0.0",
      "resolved": "https://registry.npmjs.org/batch-cluster/-/batch-cluster-11.0.0.tgz",
      "integrity": "sha512-8iwqa+rKTaakOHkqdcXDT5L5117pa+FoP8/yAKpNdL44ZnC4V2NEA/sIg0ZO0O9NkpdjLk0A3efRFM5nVizqHw=="
    },
    "chalk": {
      "version": "2.4.2",
      "resolved": "https://registry.npmjs.org/chalk/-/chalk-2.4.2.tgz",
      "integrity": "sha512-Mti+f9lpJNcwF4tWV8/OrTTtF1gZi+f8FqlyAdouralcFWFQWF2+NgCHShjkCb+IFBLq9buZwE1xckQU4peSuQ==",
      "requires": {
        "ansi-styles": "^3.2.1",
        "escape-string-regexp": "^1.0.5",
        "supports-color": "^5.3.0"
      }
    },
    "cli-progress": {
      "version": "3.10.0",
      "resolved": "https://registry.npmjs.org/cli-progress/-/cli-progress-3.10.0.tgz",
      "integrity": "sha512-kLORQrhYCAtUPLZxqsAt2YJGOvRdt34+O6jl5cQGb7iF3dM55FQZlTR+rQyIK9JUcO9bBMwZsTlND+3dmFU2Cw==",
      "requires": {
        "string-width": "^4.2.0"
      }
    },
    "color-convert": {
      "version": "1.9.3",
      "resolved": "https://registry.npmjs.org/color-convert/-/color-convert-1.9.3.tgz",
      "integrity": "sha512-QfAUtd+vFdAtFQcC8CCyYt1fYWxSqAiK2cSD6zDB8N3cpsEBAvRxp9zOGg6G/SHHJYAT88/az/IuDGALsNVbGg==",
      "requires": {
        "color-name": "1.1.3"
      }
    },
    "color-name": {
      "version": "1.1.3",
      "resolved": "https://registry.npmjs.org/color-name/-/color-name-1.1.3.tgz",
      "integrity": "sha1-p9BVi9icQveV3UIyj3QIMcpTvCU="
    },
    "combined-stream": {
      "version": "1.0.8",
      "resolved": "https://registry.npmjs.org/combined-stream/-/combined-stream-1.0.8.tgz",
      "integrity": "sha512-FQN4MRfuJeHf7cBbBMJFXhKSDq+2kAArBlmRBvcvFE5BB1HZKXtSFASDhdlz9zOYwxh8lDdnvmMOe/+5cdoEdg==",
      "requires": {
        "delayed-stream": "~1.0.0"
      }
    },
    "commander": {
      "version": "9.0.0",
      "resolved": "https://registry.npmjs.org/commander/-/commander-9.0.0.tgz",
      "integrity": "sha512-JJfP2saEKbQqvW+FI93OYUB4ByV5cizMpFMiiJI8xDbBvQvSkIk0VvQdn1CZ8mqAO8Loq2h0gYTYtDFUZUeERw=="
    },
    "cross-spawn": {
      "version": "7.0.3",
      "resolved": "https://registry.npmjs.org/cross-spawn/-/cross-spawn-7.0.3.tgz",
      "integrity": "sha512-iRDPJKUPVEND7dHPO8rkbOnPpyDygcDFtWjpeWNCgy8WP2rXcxXL8TskReQl6OrB2G7+UJrags1q15Fudc7G6w==",
      "requires": {
        "path-key": "^3.1.0",
        "shebang-command": "^2.0.0",
        "which": "^2.0.1"
      }
    },
    "delayed-stream": {
      "version": "1.0.0",
      "resolved": "https://registry.npmjs.org/delayed-stream/-/delayed-stream-1.0.0.tgz",
      "integrity": "sha1-3zrhmayt+31ECqrgsp4icrJOxhk="
    },
    "emoji-regex": {
      "version": "8.0.0",
      "resolved": "https://registry.npmjs.org/emoji-regex/-/emoji-regex-8.0.0.tgz",
      "integrity": "sha512-MSjYzcWNOA0ewAHpz0MxpYFvwg6yjy1NG3xteoqz644VCo/RPgnr1/GGt+ic3iJTzQ8Eu3TdM14SawnVUmGE6A=="
    },
    "escape-string-regexp": {
      "version": "1.0.5",
      "resolved": "https://registry.npmjs.org/escape-string-regexp/-/escape-string-regexp-1.0.5.tgz",
      "integrity": "sha1-G2HAViGQqN/2rjuyzwIAyhMLhtQ="
    },
    "execa": {
      "version": "5.1.1",
      "resolved": "https://registry.npmjs.org/execa/-/execa-5.1.1.tgz",
      "integrity": "sha512-8uSpZZocAZRBAPIEINJj3Lo9HyGitllczc27Eh5YYojjMFMn8yHMDMaUHE2Jqfq05D/wucwI4JGURyXt1vchyg==",
      "requires": {
        "cross-spawn": "^7.0.3",
        "get-stream": "^6.0.0",
        "human-signals": "^2.1.0",
        "is-stream": "^2.0.0",
        "merge-stream": "^2.0.0",
        "npm-run-path": "^4.0.1",
        "onetime": "^5.1.2",
        "signal-exit": "^3.0.3",
        "strip-final-newline": "^2.0.0"
      }
    },
    "exifreader": {
      "version": "4.12.0",
      "resolved": "https://registry.npmjs.org/exifreader/-/exifreader-4.12.0.tgz",
      "integrity": "sha512-aRSmNyw2c6f6qPK4jmC56W/5XePDN7LVwt8tQjgMchxoY3MCxqEToegirKdS7A3CYCWAOPehfypMZWGWxtLhzw==",
      "requires": {
        "@xmldom/xmldom": "^0.7.8"
      }
    },
    "exiftool-vendored": {
      "version": "19.0.0",
      "resolved": "https://registry.npmjs.org/exiftool-vendored/-/exiftool-vendored-19.0.0.tgz",
      "integrity": "sha512-Zes7TZrYWxts92mbF2Gs3drtWZucm4qsaeYaE6A+OOqmeD9UGaGisqIbyh9MilJrLi+ZHzWEJZtDj37QFf6xsA==",
      "requires": {
        "@photostructure/tz-lookup": "^7.0.0",
        "@types/luxon": "^3.2.0",
        "batch-cluster": "^11.0.0",
        "exiftool-vendored.exe": "12.54.0",
        "exiftool-vendored.pl": "12.54.0",
        "he": "^1.2.0",
        "luxon": "^3.2.1"
      }
    },
    "exiftool-vendored.exe": {
      "version": "12.54.0",
      "resolved": "https://registry.npmjs.org/exiftool-vendored.exe/-/exiftool-vendored.exe-12.54.0.tgz",
      "integrity": "sha512-Dc4W6e0NtQfYuJIYK4piHfDJnd2jvA04e0aaq9R3Q1oO34KC5e+L1D2C7lFuZXqPQLYC1x3GYc/GVv5e+SkkrQ==",
      "optional": true
    },
    "exiftool-vendored.pl": {
      "version": "12.54.0",
      "resolved": "https://registry.npmjs.org/exiftool-vendored.pl/-/exiftool-vendored.pl-12.54.0.tgz",
      "integrity": "sha512-RBBowsYcM6EvbWoBkg2dOqHpH3WIzN7bIzHc+o+LquqCTo3doZwECClD/6PNHVSMQsl2Z0fEf75sNq2msooMSg==",
      "optional": true
    },
    "fdir": {
      "version": "5.2.0",
      "resolved": "https://registry.npmjs.org/fdir/-/fdir-5.2.0.tgz",
      "integrity": "sha512-skyI2Laxtj9GYzmktPgY6DT8uswXq+VoxH26SskykvEhTSbi7tRM/787uZt/p8maxrQCJdzC90zX1btbxiJ6lw=="
    },
    "follow-redirects": {
      "version": "1.14.9",
      "resolved": "https://registry.npmjs.org/follow-redirects/-/follow-redirects-1.14.9.tgz",
      "integrity": "sha512-MQDfihBQYMcyy5dhRDJUHcw7lb2Pv/TuE6xP1vyraLukNDHKbDxDNaOE3NbCAdKQApno+GPRyo1YAp89yCjK4w=="
    },
    "form-data": {
      "version": "4.0.0",
      "resolved": "https://registry.npmjs.org/form-data/-/form-data-4.0.0.tgz",
      "integrity": "sha512-ETEklSGi5t0QMZuiXoA/Q6vcnxcLQP5vdugSpuAyi6SVGi2clPPp+xgEhuMaHC+zGgn31Kd235W35f7Hykkaww==",
      "requires": {
        "asynckit": "^0.4.0",
        "combined-stream": "^1.0.8",
        "mime-types": "^2.1.12"
      }
    },
    "get-stream": {
      "version": "6.0.1",
      "resolved": "https://registry.npmjs.org/get-stream/-/get-stream-6.0.1.tgz",
      "integrity": "sha512-ts6Wi+2j3jQjqi70w5AlN8DFnkSwC+MqmxEzdEALB2qXZYV3X/b1CTfgPLGJNMeAWxdPfU8FO1ms3NUfaHCPYg=="
    },
    "get-video-duration": {
      "version": "4.1.0",
      "resolved": "https://registry.npmjs.org/get-video-duration/-/get-video-duration-4.1.0.tgz",
      "integrity": "sha512-kDmnD/C/WFHmZx7eV2duUNCwAH6w9YwpigiUHmq7cRNmxuTvcJ/otvcxa4A5GDus2iSZ+CZEA5e0va/r5ZWumw==",
      "requires": {
        "@ffprobe-installer/ffprobe": "^1.4.1",
        "execa": "^5.0.0",
        "is-stream": "^2.0.0"
      }
    },
    "has-flag": {
      "version": "3.0.0",
      "resolved": "https://registry.npmjs.org/has-flag/-/has-flag-3.0.0.tgz",
      "integrity": "sha1-tdRU3CGZriJWmfNGfloH87lVuv0="
    },
    "he": {
      "version": "1.2.0",
      "resolved": "https://registry.npmjs.org/he/-/he-1.2.0.tgz",
      "integrity": "sha512-F/1DnUGPopORZi0ni+CvrCgHQ5FyEAHRLSApuYWMmrbSwoN2Mn/7k+Gl38gJnR7yyDZk6WLXwiGod1JOWNDKGw=="
    },
    "human-signals": {
      "version": "2.1.0",
      "resolved": "https://registry.npmjs.org/human-signals/-/human-signals-2.1.0.tgz",
      "integrity": "sha512-B4FFZ6q/T2jhhksgkbEW3HBvWIfDW85snkQgawt07S7J5QXTk6BkNV+0yAeZrM5QpMAdYlocGoljn0sJ/WQkFw=="
    },
    "is-fullwidth-code-point": {
      "version": "3.0.0",
      "resolved": "https://registry.npmjs.org/is-fullwidth-code-point/-/is-fullwidth-code-point-3.0.0.tgz",
      "integrity": "sha512-zymm5+u+sCsSWyD9qNaejV3DFvhCKclKdizYaJUuHA83RLjb7nSuGnddCHGv0hk+KY7BMAlsWeK4Ueg6EV6XQg=="
    },
    "is-stream": {
      "version": "2.0.1",
      "resolved": "https://registry.npmjs.org/is-stream/-/is-stream-2.0.1.tgz",
      "integrity": "sha512-hFoiJiTl63nn+kstHGBtewWSKnQLpyb155KHheA1l39uvtO9nWIop1p3udqPcUd/xbF1VLMO4n7OI6p7RbngDg=="
    },
    "isexe": {
      "version": "2.0.0",
      "resolved": "https://registry.npmjs.org/isexe/-/isexe-2.0.0.tgz",
      "integrity": "sha512-RHxMLp9lnKHGHRng9QFhRCMbYAcVpn69smSGcq3f36xjgVVWThj4qqLbTLlq7Ssj8B+fIQ1EuCEGI2lKsyQeIw=="
    },
    "luxon": {
      "version": "3.3.0",
      "resolved": "https://registry.npmjs.org/luxon/-/luxon-3.3.0.tgz",
      "integrity": "sha512-An0UCfG/rSiqtAIiBPO0Y9/zAnHUZxAMiCpTd5h2smgsj7GGmcenvrvww2cqNA8/4A5ZrD1gJpHN2mIHZQF+Mg=="
    },
    "merge-stream": {
      "version": "2.0.0",
      "resolved": "https://registry.npmjs.org/merge-stream/-/merge-stream-2.0.0.tgz",
      "integrity": "sha512-abv/qOcuPfk3URPfDzmZU1LKmuw8kT+0nIHvKrKgFrwifol/doWcdA4ZqsWQ8ENrFKkd67Mfpo/LovbIUsbt3w=="
    },
    "mime-db": {
      "version": "1.51.0",
      "resolved": "https://registry.npmjs.org/mime-db/-/mime-db-1.51.0.tgz",
      "integrity": "sha512-5y8A56jg7XVQx2mbv1lu49NR4dokRnhZYTtL+KGfaa27uq4pSTXkwQkFJl4pkRMyNFz/EtYDSkiiEHx3F7UN6g=="
    },
    "mime-types": {
      "version": "2.1.34",
      "resolved": "https://registry.npmjs.org/mime-types/-/mime-types-2.1.34.tgz",
      "integrity": "sha512-6cP692WwGIs9XXdOO4++N+7qjqv0rqxxVvJ3VHPh/Sc9mVZcQP+ZGhkKiTvWMQRr2tbHkJP/Yn7Y0npb3ZBs4A==",
      "requires": {
        "mime-db": "1.51.0"
      }
    },
    "mimic-fn": {
      "version": "2.1.0",
      "resolved": "https://registry.npmjs.org/mimic-fn/-/mimic-fn-2.1.0.tgz",
      "integrity": "sha512-OqbOk5oEQeAZ8WXWydlu9HJjz9WVdEIvamMCcXmuqUYjTknH/sqsWvhQ3vgwKFRR1HpjvNBKQ37nbJgYzGqGcg=="
    },
    "moment": {
      "version": "2.29.4",
      "resolved": "https://registry.npmjs.org/moment/-/moment-2.29.4.tgz",
      "integrity": "sha512-5LC9SOxjSc2HF6vO2CyuTDNivEdoz2IvyJJGj6X8DJ0eFyfszE0QiEd+iXmBvUP3WHxSjFH/vIsA0EN00cgr8w=="
    },
    "moment-timezone": {
      "version": "0.5.43",
      "resolved": "https://registry.npmjs.org/moment-timezone/-/moment-timezone-0.5.43.tgz",
      "integrity": "sha512-72j3aNyuIsDxdF1i7CEgV2FfxM1r6aaqJyLB2vwb33mXYyoyLly+F1zbWqhA3/bVIoJ4szlUoMbUnVdid32NUQ==",
      "requires": {
        "moment": "^2.29.4"
      }
    },
    "npm-run-path": {
      "version": "4.0.1",
      "resolved": "https://registry.npmjs.org/npm-run-path/-/npm-run-path-4.0.1.tgz",
      "integrity": "sha512-S48WzZW777zhNIrn7gxOlISNAqi9ZC/uQFnRdbeIHhZhCA6UqpkOT8T1G7BvfdgP4Er8gF4sUbaS0i7QvIfCWw==",
      "requires": {
        "path-key": "^3.0.0"
      }
    },
    "onetime": {
      "version": "5.1.2",
      "resolved": "https://registry.npmjs.org/onetime/-/onetime-5.1.2.tgz",
      "integrity": "sha512-kbpaSSGJTWdAY5KPVeMOKXSrPtr8C8C7wodJbcsd51jRnmD+GZu8Y0VoU6Dm5Z4vWr0Ig/1NKuWRKf7j5aaYSg==",
      "requires": {
        "mimic-fn": "^2.1.0"
      }
    },
    "p-limit": {
      "version": "3.1.0",
      "resolved": "https://registry.npmjs.org/p-limit/-/p-limit-3.1.0.tgz",
      "integrity": "sha512-TYOanM3wGwNGsZN2cVTYPArw454xnXj5qmWF1bEoAc4+cU/ol7GVh7odevjp1FNHduHc3KZMcFduxU5Xc6uJRQ==",
      "requires": {
        "yocto-queue": "^0.1.0"
      }
    },
    "path-key": {
      "version": "3.1.1",
      "resolved": "https://registry.npmjs.org/path-key/-/path-key-3.1.1.tgz",
      "integrity": "sha512-ojmeN0qd+y0jszEtoY48r0Peq5dwMEkIlCOu6Q5f41lfkswXuKtYrhgoTpLnyIcHm24Uhqx+5Tqm2InSwLhE6Q=="
    },
    "prettier": {
      "version": "2.8.6",
      "resolved": "https://registry.npmjs.org/prettier/-/prettier-2.8.6.tgz",
      "integrity": "sha512-mtuzdiBbHwPEgl7NxWlqOkithPyp4VN93V7VeHVWBF+ad3I5avc0RVDT4oImXQy9H/AqxA2NSQH8pSxHW6FYbQ==",
      "dev": true
    },
    "shebang-command": {
      "version": "2.0.0",
      "resolved": "https://registry.npmjs.org/shebang-command/-/shebang-command-2.0.0.tgz",
      "integrity": "sha512-kHxr2zZpYtdmrN1qDjrrX/Z1rR1kG8Dx+gkpK1G4eXmvXswmcE1hTWBWYUzlraYw1/yZp6YuDY77YtvbN0dmDA==",
      "requires": {
        "shebang-regex": "^3.0.0"
      }
    },
    "shebang-regex": {
      "version": "3.0.0",
      "resolved": "https://registry.npmjs.org/shebang-regex/-/shebang-regex-3.0.0.tgz",
      "integrity": "sha512-7++dFhtcx3353uBaq8DDR4NuxBetBzC7ZQOhmTQInHEd6bSrXdiEyzCvG07Z44UYdLShWUyXt5M/yhz8ekcb1A=="
    },
    "signal-exit": {
      "version": "3.0.7",
      "resolved": "https://registry.npmjs.org/signal-exit/-/signal-exit-3.0.7.tgz",
      "integrity": "sha512-wnD2ZE+l+SPC/uoS0vXeE9L1+0wuaMqKlfz9AMUo38JsyLSBWSFcHR1Rri62LZc12vLr1gb3jl7iwQhgwpAbGQ=="
    },
    "string-width": {
      "version": "4.2.3",
      "resolved": "https://registry.npmjs.org/string-width/-/string-width-4.2.3.tgz",
      "integrity": "sha512-wKyQRQpjJ0sIp62ErSZdGsjMJWsap5oRNihHhu6G7JVO/9jIB6UyevL+tXuOqrng8j/cxKTWyWUwvSTriiZz/g==",
      "requires": {
        "emoji-regex": "^8.0.0",
        "is-fullwidth-code-point": "^3.0.0",
        "strip-ansi": "^6.0.1"
      }
    },
    "strip-ansi": {
      "version": "6.0.1",
      "resolved": "https://registry.npmjs.org/strip-ansi/-/strip-ansi-6.0.1.tgz",
      "integrity": "sha512-Y38VPSHcqkFrCpFnQ9vuSXmquuv5oXOKpGeT6aGrr3o3Gc9AlVa6JBfUSOCnbxGGZF+/0ooI7KrPuUSztUdU5A==",
      "requires": {
        "ansi-regex": "^5.0.1"
      }
    },
    "strip-final-newline": {
      "version": "2.0.0",
      "resolved": "https://registry.npmjs.org/strip-final-newline/-/strip-final-newline-2.0.0.tgz",
      "integrity": "sha512-BrpvfNAE3dcvq7ll3xVumzjKjZQ5tI1sEUIKr3Uoks0XUl45St3FlatVqef9prk4jRDzhW6WZg+3bk93y6pLjA=="
    },
    "supports-color": {
      "version": "5.5.0",
      "resolved": "https://registry.npmjs.org/supports-color/-/supports-color-5.5.0.tgz",
      "integrity": "sha512-QjVjwdXIt408MIiAqCX4oUKsgU2EqAGzs2Ppkm4aQYbjm+ZEWEcW4SfFNTr4uMNZma0ey4f5lgLrkB0aX0QMow==",
      "requires": {
        "has-flag": "^3.0.0"
      }
    },
    "systeminformation": {
      "version": "5.11.6",
      "resolved": "https://registry.npmjs.org/systeminformation/-/systeminformation-5.11.6.tgz",
      "integrity": "sha512-7KBXgdnIDxABQ93w+GrPSrK/pup73+fM09VGka4A/+FhgzdlRY0JNGGDFmV8BHnFuzP9zwlI3n64yDbp7emasQ=="
    },
    "typescript": {
      "version": "4.7.4",
      "resolved": "https://registry.npmjs.org/typescript/-/typescript-4.7.4.tgz",
      "integrity": "sha512-C0WQT0gezHuw6AdY1M2jxUO83Rjf0HP7Sk1DtXj6j1EwkQNZrHAg2XPWlq62oqEhYvONq5pkC2Y9oPljWToLmQ==",
      "dev": true
    },
    "which": {
      "version": "2.0.2",
      "resolved": "https://registry.npmjs.org/which/-/which-2.0.2.tgz",
      "integrity": "sha512-BLI3Tl1TW3Pvl70l3yq3Y64i+awpwXqsGBYWkkqMtnbXgrMD+yj7rhW0kuEDxzJaYXGjEW5ogapKNMEKNMjibA==",
      "requires": {
        "isexe": "^2.0.0"
      }
    },
    "yocto-queue": {
      "version": "0.1.0",
      "resolved": "https://registry.npmjs.org/yocto-queue/-/yocto-queue-0.1.0.tgz",
      "integrity": "sha512-rVksvsnNCdJ/ohGc6xgPwyN8eheCxsiLM8mxuE/t/mOVqJewPuO1miLpTHQiRgTKCLexL4MeAFVagts7HmNZ2Q=="
    }
  }
}
